
Microsoft Visual Studio Solution File, Format Version 12.00
# Visual Studio Version 16
VisualStudioVersion = 16.0.31702.278
MinimumVisualStudioVersion = 10.0.40219.1
Project("{FAE04EC0-301F-11D3-BF4B-00C04F79EFBC}") = "tip Calculator.Android", "tip Calculator.Android\tip Calculator.Android.csproj", "{BEB52D64-559E-449E-A53C-9D5386823843}"
EndProject
Project("{FAE04EC0-301F-11D3-BF4B-00C04F79EFBC}") = "tip Calculator.iOS", "tip Calculator.iOS\tip Calculator.iOS.csproj", "{48745BCD-B1CA-4C8E-B66E-5C5E4621752D}"
EndProject
Project("{FAE04EC0-301F-11D3-BF4B-00C04F79EFBC}") = "tip Calculator", "tip Calculator\tip Calculator.csproj", "{5A5A1052-2867-49A4-ADD7-818FC8A63DA8}"
EndProject
Global
	GlobalSection(SolutionConfigurationPlatforms) = preSolution
		Debug|Any CPU = Debug|Any CPU
		Debug|iPhone = Debug|iPhone
		Debug|iPhoneSimulator = Debug|iPhoneSimulator
		Release|Any CPU = Release|Any CPU
		Release|iPhone = Release|iPhone
		Release|iPhoneSimulator = Release|iPhoneSimulator
	EndGlobalSection
	GlobalSection(ProjectConfigurationPlatforms) = postSolution
		{BEB52D64-559E-449E-A53C-9D5386823843}.Debug|Any CPU.ActiveCfg = Debug|Any CPU
		{BEB52D64-559E-449E-A53C-9D5386823843}.Debug|Any CPU.Build.0 = Debug|Any CPU
		{BEB52D64-559E-449E-A53C-9D5386823843}.Debug|Any CPU.Deploy.0 = Debug|Any CPU
		{BEB52D64-559E-449E-A53C-9D5386823843}.Debug|iPhone.ActiveCfg = Debug|Any CPU
		{BEB52D64-559E-449E-A53C-9D5386823843}.Debug|iPhone.Build.0 = Debug|Any CPU
		{BEB52D64-559E-449E-A53C-9D5386823843}.Debug|iPhone.Deploy.0 = Debug|Any CPU
		{BEB52D64-559E-449E-A53C-9D5386823843}.Debug|iPhoneSimulator.ActiveCfg = Debug|Any CPU
		{BEB52D64-559E-449E-A53C-9D5386823843}.Debug|iPhoneSimulator.Build.0 = Debug|Any CPU
		{BEB52D64-559E-449E-A53C-9D5386823843}.Debug|iPhoneSimulator.Deploy.0 = Debug|Any CPU
		{BEB52D64-559E-449E-A53C-9D5386823843}.Release|Any CPU.ActiveCfg = Release|Any CPU
		{BEB52D64-559E-449E-A53C-9D5386823843}.Release|Any CPU.Build.0 = Release|Any CPU
		{BEB52D64-559E-449E-A53C-9D5386823843}.Release|Any CPU.Deploy.0 = Release|Any CPU
		{BEB52D64-559E-449E-A53C-9D5386823843}.Release|iPhone.ActiveCfg = Release|Any CPU
		{BEB52D64-559E-449E-A53C-9D5386823843}.Release|iPhone.Build.0 = Release|Any CPU
		{BEB52D64-559E-449E-A53C-9D5386823843}.Release|iPhone.Deploy.0 = Release|Any CPU
		{BEB52D64-559E-449E-A53C-9D5386823843}.Release|iPhoneSimulator.ActiveCfg = Release|Any CPU
		{BEB52D64-559E-449E-A53C-9D5386823843}.Release|iPhoneSimulator.Build.0 = Release|Any CPU
		{BEB52D64-559E-449E-A53C-9D5386823843}.Release|iPhoneSimulator.Deploy.0 = Release|Any CPU
		{48745BCD-B1CA-4C8E-B66E-5C5E4621752D}.Debug|Any CPU.ActiveCfg = Debug|iPhone
		{48745BCD-B1CA-4C8E-B66E-5C5E4621752D}.Debug|Any CPU.Build.0 = Debug|iPhone
		{48745BCD-B1CA-4C8E-B66E-5C5E4621752D}.Debug|Any CPU.Deploy.0 = Debug|iPhone
		{48745BCD-B1CA-4C8E-B66E-5C5E4621752D}.Debug|iPhone.ActiveCfg = Debug|iPhone
		{48745BCD-B1CA-4C8E-B66E-5C5E4621752D}.Debug|iPhone.Build.0 = Debug|iPhone
		{48745BCD-B1CA-4C8E-B66E-5C5E4621752D}.Debug|iPhone.Deploy.0 = Debug|iPhone
		{48745BCD-B1CA-4C8E-B66E-5C5E4621752D}.Debug|iPhoneSimulator.ActiveCfg = Debug|iPhoneSimulator
		{48745BCD-B1CA-4C8E-B66E-5C5E4621752D}.Debug|iPhoneSimulator.Build.0 = Debug|iPhoneSimulator
		{48745BCD-B1CA-4C8E-B66E-5C5E4621752D}.Debug|iPhoneSimulator.Deploy.0 = Debug|iPhoneSimulator
		{48745BCD-B1CA-4C8E-B66E-5C5E4621752D}.Release|Any CPU.ActiveCfg = Release|iPhoneSimulator
		{48745BCD-B1CA-4C8E-B66E-5C5E4621752D}.Release|Any CPU.Build.0 = Release|iPhoneSimulator
		{48745BCD-B1CA-4C8E-B66E-5C5E4621752D}.Release|Any CPU.Deploy.0 = Release|iPhoneSimulator
		{48745BCD-B1CA-4C8E-B66E-5C5E4621752D}.Release|iPhone.ActiveCfg = Release|iPhone
		{48745BCD-B1CA-4C8E-B66E-5C5E4621752D}.Release|iPhone.Build.0 = Release|iPhone
		{48745BCD-B1CA-4C8E-B66E-5C5E4621752D}.Release|iPhone.Deploy.0 = Release|iPhone
		{48745BCD-B1CA-4C8E-B66E-5C5E4621752D}.Release|iPhoneSimulator.ActiveCfg = Release|iPhoneSimulator
		{48745BCD-B1CA-4C8E-B66E-5C5E4621752D}.Release|iPhoneSimulator.Build.0 = Release|iPhoneSimulator
		{48745BCD-B1CA-4C8E-B66E-5C5E4621752D}.Release|iPhoneSimulator.Deploy.0 = Release|iPhoneSimulator
		{5A5A1052-2867-49A4-ADD7-818FC8A63DA8}.Debug|Any CPU.ActiveCfg = Debug|Any CPU
		{5A5A1052-2867-49A4-ADD7-818FC8A63DA8}.Debug|Any CPU.Build.0 = Debug|Any CPU
		{5A5A1052-2867-49A4-ADD7-818FC8A63DA8}.Debug|Any CPU.Deploy.0 = Debug|Any CPU
		{5A5A1052-2867-49A4-ADD7-818FC8A63DA8}.Debug|iPhone.ActiveCfg = Debug|Any CPU
		{5A5A1052-2867-49A4-ADD7-818FC8A63DA8}.Debug|iPhone.Build.0 = Debug|Any CPU
		{5A5A1052-2867-49A4-ADD7-818FC8A63DA8}.Debug|iPhone.Deploy.0 = Debug|Any CPU
		{5A5A1052-2867-49A4-ADD7-818FC8A63DA8}.Debug|iPhoneSimulator.ActiveCfg = Debug|Any CPU
		{5A5A1052-2867-49A4-ADD7-818FC8A63DA8}.Debug|iPhoneSimulator.Build.0 = Debug|Any CPU
		{5A5A1052-2867-49A4-ADD7-818FC8A63DA8}.Debug|iPhoneSimulator.Deploy.0 = Debug|Any CPU
		{5A5A1052-2867-49A4-ADD7-818FC8A63DA8}.Release|Any CPU.ActiveCfg = Release|Any CPU
		{5A5A1052-2867-49A4-ADD7-818FC8A63DA8}.Release|Any CPU.Build.0 = Release|Any CPU
		{5A5A1052-2867-49A4-ADD7-818FC8A63DA8}.Release|Any CPU.Deploy.0 = Release|Any CPU
		{5A5A1052-2867-49A4-ADD7-818FC8A63DA8}.Release|iPhone.ActiveCfg = Release|Any CPU
		{5A5A1052-2867-49A4-ADD7-818FC8A63DA8}.Release|iPhone.Build.0 = Release|Any CPU
		{5A5A1052-2867-49A4-ADD7-818FC8A63DA8}.Release|iPhone.Deploy.0 = Release|Any CPU
		{5A5A1052-2867-49A4-ADD7-818FC8A63DA8}.Release|iPhoneSimulator.ActiveCfg = Release|Any CPU
		{5A5A1052-2867-49A4-ADD7-818FC8A63DA8}.Release|iPhoneSimulator.Build.0 = Release|Any CPU
		{5A5A1052-2867-49A4-ADD7-818FC8A63DA8}.Release|iPhoneSimulator.Deploy.0 = Release|Any CPU
	EndGlobalSection
	GlobalSection(SolutionProperties) = preSolution
		HideSolutionNode = FALSE
	EndGlobalSection
	GlobalSection(ExtensibilityGlobals) = postSolution
		SolutionGuid = {4F0D1B05-71D2-4458-8B36-F0D2F49C9B86}
	EndGlobalSection
EndGlobal
